
Microsoft Visual Studio Solution File, Format Version 12.00
# Visual Studio Version 17
VisualStudioVersion = 17.3.32811.315
MinimumVisualStudioVersion = 10.0.40219.1
Project("{FAE04EC0-301F-11D3-BF4B-00C04F79EFBC}") = "WebApp4", "WebApp4\WebApp4.csproj", "{6FA8881C-B633-45B9-A8E0-DDCE66ADFC05}"
EndProject
Global
	GlobalSection(SolutionConfigurationPlatforms) = preSolution
		Debug|Any CPU = Debug|Any CPU
		Release|Any CPU = Release|Any CPU
	EndGlobalSection
	GlobalSection(ProjectConfigurationPlatforms) = postSolution
		{6FA8881C-B633-45B9-A8E0-DDCE66ADFC05}.Debug|Any CPU.ActiveCfg = Debug|Any CPU
		{6FA8881C-B633-45B9-A8E0-DDCE66ADFC05}.Debug|Any CPU.Build.0 = Debug|Any CPU
		{6FA8881C-B633-45B9-A8E0-DDCE66ADFC05}.Release|Any CPU.ActiveCfg = Release|Any CPU
		{6FA8881C-B633-45B9-A8E0-DDCE66ADFC05}.Release|Any CPU.Build.0 = Release|Any CPU
	EndGlobalSection
	GlobalSection(SolutionProperties) = preSolution
		HideSolutionNode = FALSE
	EndGlobalSection
	GlobalSection(ExtensibilityGlobals) = postSolution
		SolutionGuid = {FA3659D9-B5B8-4F64-B8EA-ED4C8C139B8E}
	EndGlobalSection
EndGlobal
